
Microsoft Visual Studio Solution File, Format Version 12.00
# Visual Studio 15
VisualStudioVersion = 15.0.26730.10
MinimumVisualStudioVersion = 10.0.40219.1
Project("{FAE04EC0-301F-11D3-BF4B-00C04F79EFBC}") = "AbstractFactory", "AbstractFactory\AbstractFactory.csproj", "{DC2710A9-FAFC-4245-BCD6-29B4D5C8FB9C}"
EndProject
Global
	GlobalSection(SolutionConfigurationPlatforms) = preSolution
		Debug|Any CPU = Debug|Any CPU
		Release|Any CPU = Release|Any CPU
	EndGlobalSection
	GlobalSection(ProjectConfigurationPlatforms) = postSolution
		{DC2710A9-FAFC-4245-BCD6-29B4D5C8FB9C}.Debug|Any CPU.ActiveCfg = Debug|Any CPU
		{DC2710A9-FAFC-4245-BCD6-29B4D5C8FB9C}.Debug|Any CPU.Build.0 = Debug|Any CPU
		{DC2710A9-FAFC-4245-BCD6-29B4D5C8FB9C}.Release|Any CPU.ActiveCfg = Release|Any CPU
		{DC2710A9-FAFC-4245-BCD6-29B4D5C8FB9C}.Release|Any CPU.Build.0 = Release|Any CPU
	EndGlobalSection
	GlobalSection(SolutionProperties) = preSolution
		HideSolutionNode = FALSE
	EndGlobalSection
	GlobalSection(ExtensibilityGlobals) = postSolution
		SolutionGuid = {36A63EE6-DD0C-47D4-AB8E-940FF65700BF}
	EndGlobalSection
EndGlobal
